<Solution>
  <Folder Name="/Tests/">
    <Project Path="Helpers.Logger/Tests.Infrastructure.csproj" Id="74c739a0-4585-43fe-8a5a-5f595078751c" />
    <Project Path="SwagLabs/Tests.SwagLabs.csproj" />
    <Project Path="TestsLauncher/Tests.Launcher.csproj" Id="1955f448-7a76-4a07-a23f-322fd4ed418d" />
  </Folder>
</Solution>
